
Microsoft Visual Studio Solution File, Format Version 12.00
# Visual Studio Version 16
VisualStudioVersion = 16.0.31025.194
MinimumVisualStudioVersion = 10.0.40219.1
Project("{FAE04EC0-301F-11D3-BF4B-00C04F79EFBC}") = "GroceryListProjectGD", "GroceryListProjectGD\GroceryListProjectGD.csproj", "{850E64F4-6362-49E8-9222-F2D2A641CA56}"
EndProject
Global
	GlobalSection(SolutionConfigurationPlatforms) = preSolution
		Debug|Any CPU = Debug|Any CPU
		Release|Any CPU = Release|Any CPU
	EndGlobalSection
	GlobalSection(ProjectConfigurationPlatforms) = postSolution
		{850E64F4-6362-49E8-9222-F2D2A641CA56}.Debug|Any CPU.ActiveCfg = Debug|Any CPU
		{850E64F4-6362-49E8-9222-F2D2A641CA56}.Debug|Any CPU.Build.0 = Debug|Any CPU
		{850E64F4-6362-49E8-9222-F2D2A641CA56}.Release|Any CPU.ActiveCfg = Release|Any CPU
		{850E64F4-6362-49E8-9222-F2D2A641CA56}.Release|Any CPU.Build.0 = Release|Any CPU
	EndGlobalSection
	GlobalSection(SolutionProperties) = preSolution
		HideSolutionNode = FALSE
	EndGlobalSection
	GlobalSection(ExtensibilityGlobals) = postSolution
		SolutionGuid = {89868F6C-4822-4B50-97AF-497FD8E38D32}
	EndGlobalSection
EndGlobal
